// !$*UTF8*$!
{
	archiveVersion = 1;
	classes = {
	};
	objectVersion = 46;
	objects = {

/* Begin PBXBuildFile section */
		77307E181B6C990F003186B8 /* CustomButton.swift in Sources */ = {isa = PBXBuildFile; fileRef = 77307E171B6C990F003186B8 /* CustomButton.swift */; };
		774291C01B6BB77000D2F8FB /* IndexImageView.swift in Sources */ = {isa = PBXBuildFile; fileRef = 774291BF1B6BB77000D2F8FB /* IndexImageView.swift */; };
		774500B51B6B35D9001FD09A /* AppDelegate.swift in Sources */ = {isa = PBXBuildFile; fileRef = 774500B41B6B35D9001FD09A /* AppDelegate.swift */; };
		774500B71B6B35D9001FD09A /* ViewController.swift in Sources */ = {isa = PBXBuildFile; fileRef = 774500B61B6B35D9001FD09A /* ViewController.swift */; };
		774500BA1B6B35D9001FD09A /* Main.storyboard in Resources */ = {isa = PBXBuildFile; fileRef = 774500B81B6B35D9001FD09A /* Main.storyboard */; };
		774500BC1B6B35D9001FD09A /* Images.xcassets in Resources */ = {isa = PBXBuildFile; fileRef = 774500BB1B6B35D9001FD09A /* Images.xcassets */; };
		774500BF1B6B35D9001FD09A /* LaunchScreen.xib in Resources */ = {isa = PBXBuildFile; fileRef = 774500BD1B6B35D9001FD09A /* LaunchScreen.xib */; };
		774500CB1B6B35D9001FD09A /* DouBanFM_DemoTests.swift in Sources */ = {isa = PBXBuildFile; fileRef = 774500CA1B6B35D9001FD09A /* DouBanFM_DemoTests.swift */; };
		776716B41B6BCE3F0032BB78 /* ChannelViewController.swift in Sources */ = {isa = PBXBuildFile; fileRef = 776716B31B6BCE3E0032BB78 /* ChannelViewController.swift */; };
		776716B91B6BDAEF0032BB78 /* Alamofire.swift in Sources */ = {isa = PBXBuildFile; fileRef = 776716B61B6BDAEF0032BB78 /* Alamofire.swift */; };
		776716BB1B6BDAEF0032BB78 /* SwiftyJSON.swift in Sources */ = {isa = PBXBuildFile; fileRef = 776716B81B6BDAEF0032BB78 /* SwiftyJSON.swift */; };
		776716BD1B6BDB1F0032BB78 /* HTTPController.swift in Sources */ = {isa = PBXBuildFile; fileRef = 776716BC1B6BDB1F0032BB78 /* HTTPController.swift */; };
		77CAD7061B6CF320008C9565 /* HRToast UIView.swift in Sources */ = {isa = PBXBuildFile; fileRef = 77CAD7051B6CF320008C9565 /* HRToast UIView.swift */; };
		77D0A29F1B6CBFE6007A86CA /* OrderButton.swift in Sources */ = {isa = PBXBuildFile; fileRef = 77D0A29E1B6CBFE6007A86CA /* OrderButton.swift */; };
/* End PBXBuildFile section */

/* Begin PBXContainerItemProxy section */
		774500C51B6B35D9001FD09A /* PBXContainerItemProxy */ = {
			isa = PBXContainerItemProxy;
			containerPortal = 774500A71B6B35D8001FD09A /* Project object */;
			proxyType = 1;
			remoteGlobalIDString = 774500AE1B6B35D9001FD09A;
			remoteInfo = DouBanFM_Demo;
		};
/* End PBXContainerItemProxy section */

/* Begin PBXFileReference section */
		77307E171B6C990F003186B8 /* CustomButton.swift */ = {isa = PBXFileReference; fileEncoding = 4; lastKnownFileType = sourcecode.swift; path = CustomButton.swift; sourceTree = "<group>"; };
		774291BF1B6BB77000D2F8FB /* IndexImageView.swift */ = {isa = PBXFileReference; fileEncoding = 4; lastKnownFileType = sourcecode.swift; path = IndexImageView.swift; sourceTree = "<group>"; };
		774500AF1B6B35D9001FD09A /* DouBanFM_Demo.app */ = {isa = PBXFileReference; explicitFileType = wrapper.application; includeInIndex = 0; path = DouBanFM_Demo.app; sourceTree = BUILT_PRODUCTS_DIR; };
		774500B31B6B35D9001FD09A /* Info.plist */ = {isa = PBXFileReference; lastKnownFileType = text.plist.xml; path = Info.plist; sourceTree = "<group>"; };
		774500B41B6B35D9001FD09A /* AppDelegate.swift */ = {isa = PBXFileReference; lastKnownFileType = sourcecode.swift; path = AppDelegate.swift; sourceTree = "<group>"; };
		774500B61B6B35D9001FD09A /* ViewController.swift */ = {isa = PBXFileReference; lastKnownFileType = sourcecode.swift; path = ViewController.swift; sourceTree = "<group>"; };
		774500B91B6B35D9001FD09A /* Base */ = {isa = PBXFileReference; lastKnownFileType = file.storyboard; name = Base; path = Base.lproj/Main.storyboard; sourceTree = "<group>"; };
		774500BB1B6B35D9001FD09A /* Images.xcassets */ = {isa = PBXFileReference; lastKnownFileType = folder.assetcatalog; path = Images.xcassets; sourceTree = "<group>"; };
		774500BE1B6B35D9001FD09A /* Base */ = {isa = PBXFileReference; lastKnownFileType = file.xib; name = Base; path = Base.lproj/LaunchScreen.xib; sourceTree = "<group>"; };
		774500C41B6B35D9001FD09A /* DouBanFM_DemoTests.xctest */ = {isa = PBXFileReference; explicitFileType = wrapper.cfbundle; includeInIndex = 0; path = DouBanFM_DemoTests.xctest; sourceTree = BUILT_PRODUCTS_DIR; };
		774500C91B6B35D9001FD09A /* Info.plist */ = {isa = PBXFileReference; lastKnownFileType = text.plist.xml; path = Info.plist; sourceTree = "<group>"; };
		774500CA1B6B35D9001FD09A /* DouBanFM_DemoTests.swift */ = {isa = PBXFileReference; lastKnownFileType = sourcecode.swift; path = DouBanFM_DemoTests.swift; sourceTree = "<group>"; };
		776716B31B6BCE3E0032BB78 /* ChannelViewController.swift */ = {isa = PBXFileReference; fileEncoding = 4; lastKnownFileType = sourcecode.swift; path = ChannelViewController.swift; sourceTree = "<group>"; };
		776716B61B6BDAEF0032BB78 /* Alamofire.swift */ = {isa = PBXFileReference; fileEncoding = 4; lastKnownFileType = sourcecode.swift; path = Alamofire.swift; sourceTree = "<group>"; };
		776716B81B6BDAEF0032BB78 /* SwiftyJSON.swift */ = {isa = PBXFileReference; fileEncoding = 4; lastKnownFileType = sourcecode.swift; path = SwiftyJSON.swift; sourceTree = "<group>"; };
		776716BC1B6BDB1F0032BB78 /* HTTPController.swift */ = {isa = PBXFileReference; fileEncoding = 4; lastKnownFileType = sourcecode.swift; path = HTTPController.swift; sourceTree = "<group>"; };
		77CAD7051B6CF320008C9565 /* HRToast UIView.swift */ = {isa = PBXFileReference; fileEncoding = 4; lastKnownFileType = sourcecode.swift; path = "HRToast UIView.swift"; sourceTree = "<group>"; };
		77D0A29E1B6CBFE6007A86CA /* OrderButton.swift */ = {isa = PBXFileReference; fileEncoding = 4; lastKnownFileType = sourcecode.swift; path = OrderButton.swift; sourceTree = "<group>"; };
/* End PBXFileReference section */

/* Begin PBXFrameworksBuildPhase section */
		774500AC1B6B35D9001FD09A /* Frameworks */ = {
			isa = PBXFrameworksBuildPhase;
			buildActionMask = 2147483647;
			files = (
			);
			runOnlyForDeploymentPostprocessing = 0;
		};
		774500C11B6B35D9001FD09A /* Frameworks */ = {
			isa = PBXFrameworksBuildPhase;
			buildActionMask = 2147483647;
			files = (
			);
			runOnlyForDeploymentPostprocessing = 0;
		};
/* End PBXFrameworksBuildPhase section */

/* Begin PBXGroup section */
		774500A61B6B35D8001FD09A = {
			isa = PBXGroup;
			children = (
				774500B11B6B35D9001FD09A /* DouBanFM_Demo */,
				774500C71B6B35D9001FD09A /* DouBanFM_DemoTests */,
				774500B01B6B35D9001FD09A /* Products */,
			);
			sourceTree = "<group>";
		};
		774500B01B6B35D9001FD09A /* Products */ = {
			isa = PBXGroup;
			children = (
				774500AF1B6B35D9001FD09A /* DouBanFM_Demo.app */,
				774500C41B6B35D9001FD09A /* DouBanFM_DemoTests.xctest */,
			);
			name = Products;
			sourceTree = "<group>";
		};
		774500B11B6B35D9001FD09A /* DouBanFM_Demo */ = {
			isa = PBXGroup;
			children = (
				776716B51B6BD9D50032BB78 /* ForeignFrameworks */,
				774500B41B6B35D9001FD09A /* AppDelegate.swift */,
				77D0A29E1B6CBFE6007A86CA /* OrderButton.swift */,
				77307E171B6C990F003186B8 /* CustomButton.swift */,
				774291BF1B6BB77000D2F8FB /* IndexImageView.swift */,
				776716BC1B6BDB1F0032BB78 /* HTTPController.swift */,
				776716B31B6BCE3E0032BB78 /* ChannelViewController.swift */,
				774500B61B6B35D9001FD09A /* ViewController.swift */,
				774500B81B6B35D9001FD09A /* Main.storyboard */,
				774500BB1B6B35D9001FD09A /* Images.xcassets */,
				774500BD1B6B35D9001FD09A /* LaunchScreen.xib */,
				774500B21B6B35D9001FD09A /* Supporting Files */,
			);
			path = DouBanFM_Demo;
			sourceTree = "<group>";
		};
		774500B21B6B35D9001FD09A /* Supporting Files */ = {
			isa = PBXGroup;
			children = (
				774500B31B6B35D9001FD09A /* Info.plist */,
			);
			name = "Supporting Files";
			sourceTree = "<group>";
		};
		774500C71B6B35D9001FD09A /* DouBanFM_DemoTests */ = {
			isa = PBXGroup;
			children = (
				774500CA1B6B35D9001FD09A /* DouBanFM_DemoTests.swift */,
				774500C81B6B35D9001FD09A /* Supporting Files */,
			);
			path = DouBanFM_DemoTests;
			sourceTree = "<group>";
		};
		774500C81B6B35D9001FD09A /* Supporting Files */ = {
			isa = PBXGroup;
			children = (
				774500C91B6B35D9001FD09A /* Info.plist */,
			);
			name = "Supporting Files";
			sourceTree = "<group>";
		};
		776716B51B6BD9D50032BB78 /* ForeignFrameworks */ = {
			isa = PBXGroup;
			children = (
				77CAD7051B6CF320008C9565 /* HRToast UIView.swift */,
				776716B61B6BDAEF0032BB78 /* Alamofire.swift */,
				776716B81B6BDAEF0032BB78 /* SwiftyJSON.swift */,
			);
			name = ForeignFrameworks;
			sourceTree = "<group>";
		};
/* End PBXGroup section */

/* Begin PBXNativeTarget section */
		774500AE1B6B35D9001FD09A /* DouBanFM_Demo */ = {
			isa = PBXNativeTarget;
			buildConfigurationList = 774500CE1B6B35D9001FD09A /* Build configuration list for PBXNativeTarget "DouBanFM_Demo" */;
			buildPhases = (
				774500AB1B6B35D9001FD09A /* Sources */,
				774500AC1B6B35D9001FD09A /* Frameworks */,
				774500AD1B6B35D9001FD09A /* Resources */,
			);
			buildRules = (
			);
			dependencies = (
			);
			name = DouBanFM_Demo;
			productName = DouBanFM_Demo;
			productReference = 774500AF1B6B35D9001FD09A /* DouBanFM_Demo.app */;
			productType = "com.apple.product-type.application";
		};
		774500C31B6B35D9001FD09A /* DouBanFM_DemoTests */ = {
			isa = PBXNativeTarget;
			buildConfigurationList = 774500D11B6B35D9001FD09A /* Build configuration list for PBXNativeTarget "DouBanFM_DemoTests" */;
			buildPhases = (
				774500C01B6B35D9001FD09A /* Sources */,
				774500C11B6B35D9001FD09A /* Frameworks */,
				774500C21B6B35D9001FD09A /* Resources */,
			);
			buildRules = (
			);
			dependencies = (
				774500C61B6B35D9001FD09A /* PBXTargetDependency */,
			);
			name = DouBanFM_DemoTests;
			productName = DouBanFM_DemoTests;
			productReference = 774500C41B6B35D9001FD09A /* DouBanFM_DemoTests.xctest */;
			productType = "com.apple.product-type.bundle.unit-test";
		};
/* End PBXNativeTarget section */

/* Begin PBXProject section */
		774500A71B6B35D8001FD09A /* Project object */ = {
			isa = PBXProject;
			attributes = {
				LastUpgradeCheck = 0630;
				ORGANIZATIONNAME = "游义男";
				TargetAttributes = {
					774500AE1B6B35D9001FD09A = {
						CreatedOnToolsVersion = 6.3.2;
					};
					774500C31B6B35D9001FD09A = {
						CreatedOnToolsVersion = 6.3.2;
						TestTargetID = 774500AE1B6B35D9001FD09A;
					};
				};
			};
			buildConfigurationList = 774500AA1B6B35D9001FD09A /* Build configuration list for PBXProject "DouBanFM_Demo" */;
			compatibilityVersion = "Xcode 3.2";
			developmentRegion = English;
			hasScannedForEncodings = 0;
			knownRegions = (
				en,
				Base,
			);
			mainGroup = 774500A61B6B35D8001FD09A;
			productRefGroup = 774500B01B6B35D9001FD09A /* Products */;
			projectDirPath = "";
			projectRoot = "";
			targets = (
				774500AE1B6B35D9001FD09A /* DouBanFM_Demo */,
				774500C31B6B35D9001FD09A /* DouBanFM_DemoTests */,
			);
		};
/* End PBXProject section */

/* Begin PBXResourcesBuildPhase section */
		774500AD1B6B35D9001FD09A /* Resources */ = {
			isa = PBXResourcesBuildPhase;
			buildActionMask = 2147483647;
			files = (
				774500BA1B6B35D9001FD09A /* Main.storyboard in Resources */,
				774500BF1B6B35D9001FD09A /* LaunchScreen.xib in Resources */,
				774500BC1B6B35D9001FD09A /* Images.xcassets in Resources */,
			);
			runOnlyForDeploymentPostprocessing = 0;
		};
		774500C21B6B35D9001FD09A /* Resources */ = {
			isa = PBXResourcesBuildPhase;
			buildActionMask = 2147483647;
			files = (
			);
			runOnlyForDeploymentPostprocessing = 0;
		};
/* End PBXResourcesBuildPhase section */

/* Begin PBXSourcesBuildPhase section */
		774500AB1B6B35D9001FD09A /* Sources */ = {
			isa = PBXSourcesBuildPhase;
			buildActionMask = 2147483647;
			files = (
				774500B71B6B35D9001FD09A /* ViewController.swift in Sources */,
				77307E181B6C990F003186B8 /* CustomButton.swift in Sources */,
				77D0A29F1B6CBFE6007A86CA /* OrderButton.swift in Sources */,
				776716B91B6BDAEF0032BB78 /* Alamofire.swift in Sources */,
				776716BD1B6BDB1F0032BB78 /* HTTPController.swift in Sources */,
				77CAD7061B6CF320008C9565 /* HRToast UIView.swift in Sources */,
				774291C01B6BB77000D2F8FB /* IndexImageView.swift in Sources */,
				776716B41B6BCE3F0032BB78 /* ChannelViewController.swift in Sources */,
				776716BB1B6BDAEF0032BB78 /* SwiftyJSON.swift in Sources */,
				774500B51B6B35D9001FD09A /* AppDelegate.swift in Sources */,
			);
			runOnlyForDeploymentPostprocessing = 0;
		};
		774500C01B6B35D9001FD09A /* Sources */ = {
			isa = PBXSourcesBuildPhase;
			buildActionMask = 2147483647;
			files = (
				774500CB1B6B35D9001FD09A /* DouBanFM_DemoTests.swift in Sources */,
			);
			runOnlyForDeploymentPostprocessing = 0;
		};
/* End PBXSourcesBuildPhase section */

/* Begin PBXTargetDependency section */
		774500C61B6B35D9001FD09A /* PBXTargetDependency */ = {
			isa = PBXTargetDependency;
			target = 774500AE1B6B35D9001FD09A /* DouBanFM_Demo */;
			targetProxy = 774500C51B6B35D9001FD09A /* PBXContainerItemProxy */;
		};
/* End PBXTargetDependency section */

/* Begin PBXVariantGroup section */
		774500B81B6B35D9001FD09A /* Main.storyboard */ = {
			isa = PBXVariantGroup;
			children = (
				774500B91B6B35D9001FD09A /* Base */,
			);
			name = Main.storyboard;
			sourceTree = "<group>";
		};
		774500BD1B6B35D9001FD09A /* LaunchScreen.xib */ = {
			isa = PBXVariantGroup;
			children = (
				774500BE1B6B35D9001FD09A /* Base */,
			);
			name = LaunchScreen.xib;
			sourceTree = "<group>";
		};
/* End PBXVariantGroup section */

/* Begin XCBuildConfiguration section */
		774500CC1B6B35D9001FD09A /* Debug */ = {
			isa = XCBuildConfiguration;
			buildSettings = {
				ALWAYS_SEARCH_USER_PATHS = NO;
				CLANG_CXX_LANGUAGE_STANDARD = "gnu++0x";
				CLANG_CXX_LIBRARY = "libc++";
				CLANG_ENABLE_MODULES = YES;
				CLANG_ENABLE_OBJC_ARC = YES;
				CLANG_WARN_BOOL_CONVERSION = YES;
				CLANG_WARN_CONSTANT_CONVERSION = YES;
				CLANG_WARN_DIRECT_OBJC_ISA_USAGE = YES_ERROR;
				CLANG_WARN_EMPTY_BODY = YES;
				CLANG_WARN_ENUM_CONVERSION = YES;
				CLANG_WARN_INT_CONVERSION = YES;
				CLANG_WARN_OBJC_ROOT_CLASS = YES_ERROR;
				CLANG_WARN_UNREACHABLE_CODE = YES;
				CLANG_WARN__DUPLICATE_METHOD_MATCH = YES;
				"CODE_SIGN_IDENTITY[sdk=iphoneos*]" = "iPhone Developer";
				COPY_PHASE_STRIP = NO;
				DEBUG_INFORMATION_FORMAT = "dwarf-with-dsym";
				ENABLE_STRICT_OBJC_MSGSEND = YES;
				GCC_C_LANGUAGE_STANDARD = gnu99;
				GCC_DYNAMIC_NO_PIC = NO;
				GCC_NO_COMMON_BLOCKS = YES;
				GCC_OPTIMIZATION_LEVEL = 0;
				GCC_PREPROCESSOR_DEFINITIONS = (
					"DEBUG=1",
					"$(inherited)",
				);
				GCC_SYMBOLS_PRIVATE_EXTERN = NO;
				GCC_WARN_64_TO_32_BIT_CONVERSION = YES;
				GCC_WARN_ABOUT_RETURN_TYPE = YES_ERROR;
				GCC_WARN_UNDECLARED_SELECTOR = YES;
				GCC_WARN_UNINITIALIZED_AUTOS = YES_AGGRESSIVE;
				GCC_WARN_UNUSED_FUNCTION = YES;
				GCC_WARN_UNUSED_VARIABLE = YES;
				IPHONEOS_DEPLOYMENT_TARGET = 8.3;
				MTL_ENABLE_DEBUG_INFO = YES;
				ONLY_ACTIVE_ARCH = YES;
				SDKROOT = iphoneos;
				SWIFT_OPTIMIZATION_LEVEL = "-Onone";
			};
			name = Debug;
		};
		774500CD1B6B35D9001FD09A /* Release */ = {
			isa = XCBuildConfiguration;
			buildSettings = {
				ALWAYS_SEARCH_USER_PATHS = NO;
				CLANG_CXX_LANGUAGE_STANDARD = "gnu++0x";
				CLANG_CXX_LIBRARY = "libc++";
				CLANG_ENABLE_MODULES = YES;
				CLANG_ENABLE_OBJC_ARC = YES;
				CLANG_WARN_BOOL_CONVERSION = YES;
				CLANG_WARN_CONSTANT_CONVERSION = YES;
				CLANG_WARN_DIRECT_OBJC_ISA_USAGE = YES_ERROR;
				CLANG_WARN_EMPTY_BODY = YES;
				CLANG_WARN_ENUM_CONVERSION = YES;
				CLANG_WARN_INT_CONVERSION = YES;
				CLANG_WARN_OBJC_ROOT_CLASS = YES_ERROR;
				CLANG_WARN_UNREACHABLE_CODE = YES;
				CLANG_WARN__DUPLICATE_METHOD_MATCH = YES;
				"CODE_SIGN_IDENTITY[sdk=iphoneos*]" = "iPhone Developer";
				COPY_PHASE_STRIP = NO;
				DEBUG_INFORMATION_FORMAT = "dwarf-with-dsym";
				ENABLE_NS_ASSERTIONS = NO;
				ENABLE_STRICT_OBJC_MSGSEND = YES;
				GCC_C_LANGUAGE_STANDARD = gnu99;
				GCC_NO_COMMON_BLOCKS = YES;
				GCC_WARN_64_TO_32_BIT_CONVERSION = YES;
				GCC_WARN_ABOUT_RETURN_TYPE = YES_ERROR;
				GCC_WARN_UNDECLARED_SELECTOR = YES;
				GCC_WARN_UNINITIALIZED_AUTOS = YES_AGGRESSIVE;
				GCC_WARN_UNUSED_FUNCTION = YES;
				GCC_WARN_UNUSED_VARIABLE = YES;
				IPHONEOS_DEPLOYMENT_TARGET = 8.3;
				MTL_ENABLE_DEBUG_INFO = NO;
				SDKROOT = iphoneos;
				VALIDATE_PRODUCT = YES;
			};
			name = Release;
		};
		774500CF1B6B35D9001FD09A /* Debug */ = {
			isa = XCBuildConfiguration;
			buildSettings = {
				ASSETCATALOG_COMPILER_APPICON_NAME = AppIcon;
				INFOPLIST_FILE = DouBanFM_Demo/Info.plist;
				LD_RUNPATH_SEARCH_PATHS = "$(inherited) @executable_path/Frameworks";
				PRODUCT_NAME = "$(TARGET_NAME)";
			};
			name = Debug;
		};
		774500D01B6B35D9001FD09A /* Release */ = {
			isa = XCBuildConfiguration;
			buildSettings = {
				ASSETCATALOG_COMPILER_APPICON_NAME = AppIcon;
				INFOPLIST_FILE = DouBanFM_Demo/Info.plist;
				LD_RUNPATH_SEARCH_PATHS = "$(inherited) @executable_path/Frameworks";
				PRODUCT_NAME = "$(TARGET_NAME)";
			};
			name = Release;
		};
		774500D21B6B35D9001FD09A /* Debug */ = {
			isa = XCBuildConfiguration;
			buildSettings = {
				BUNDLE_LOADER = "$(TEST_HOST)";
				FRAMEWORK_SEARCH_PATHS = (
					"$(SDKROOT)/Developer/Library/Frameworks",
					"$(inherited)",
				);
				GCC_PREPROCESSOR_DEFINITIONS = (
					"DEBUG=1",
					"$(inherited)",
				);
				INFOPLIST_FILE = DouBanFM_DemoTests/Info.plist;
				LD_RUNPATH_SEARCH_PATHS = "$(inherited) @executable_path/Frameworks @loader_path/Frameworks";
				PRODUCT_NAME = "$(TARGET_NAME)";
				TEST_HOST = "$(BUILT_PRODUCTS_DIR)/DouBanFM_Demo.app/DouBanFM_Demo";
			};
			name = Debug;
		};
		774500D31B6B35D9001FD09A /* Release */ = {
			isa = XCBuildConfiguration;
			buildSettings = {
				BUNDLE_LOADER = "$(TEST_HOST)";
				FRAMEWORK_SEARCH_PATHS = (
					"$(SDKROOT)/Developer/Library/Frameworks",
					"$(inherited)",
				);
				INFOPLIST_FILE = DouBanFM_DemoTests/Info.plist;
				LD_RUNPATH_SEARCH_PATHS = "$(inherited) @executable_path/Frameworks @loader_path/Frameworks";
				PRODUCT_NAME = "$(TARGET_NAME)";
				TEST_HOST = "$(BUILT_PRODUCTS_DIR)/DouBanFM_Demo.app/DouBanFM_Demo";
			};
			name = Release;
		};
/* End XCBuildConfiguration section */

/* Begin XCConfigurationList section */
		774500AA1B6B35D9001FD09A /* Build configuration list for PBXProject "DouBanFM_Demo" */ = {
			isa = XCConfigurationList;
			buildConfigurations = (
				774500CC1B6B35D9001FD09A /* Debug */,
				774500CD1B6B35D9001FD09A /* Release */,
			);
			defaultConfigurationIsVisible = 0;
			defaultConfigurationName = Release;
		};
		774500CE1B6B35D9001FD09A /* Build configuration list for PBXNativeTarget "DouBanFM_Demo" */ = {
			isa = XCConfigurationList;
			buildConfigurations = (
				774500CF1B6B35D9001FD09A /* Debug */,
				774500D01B6B35D9001FD09A /* Release */,
			);
			defaultConfigurationIsVisible = 0;
			defaultConfigurationName = Release;
		};
		774500D11B6B35D9001FD09A /* Build configuration list for PBXNativeTarget "DouBanFM_DemoTests" */ = {
			isa = XCConfigurationList;
			buildConfigurations = (
				774500D21B6B35D9001FD09A /* Debug */,
				774500D31B6B35D9001FD09A /* Release */,
			);
			defaultConfigurationIsVisible = 0;
			defaultConfigurationName = Release;
		};
/* End XCConfigurationList section */
	};
	rootObject = 774500A71B6B35D8001FD09A /* Project object */;
}
